{
    "version": 3,
    "terraform_version": "0.11.11",
    "serial": 4,
    "lineage": "d679fefc-5207-0964-11f2-a67f9785498a",
    "modules": [
        {
            "path": [
                "root"
            ],
            "outputs": {},
            "resources": {},
            "depends_on": []
        },
        {
            "path": [
                "root",
                "public_ips_control"
            ],
            "outputs": {
                "ids": {
                    "sensitive": false,
                    "type": "list",
                    "value": [
                        "/subscriptions/82224ae2-fb9c-468d-86c1-ee15f41698c7/resourceGroups/rg1/providers/Microsoft.Network/publicIPAddresses/control-public-ip-01",
                        "/subscriptions/82224ae2-fb9c-468d-86c1-ee15f41698c7/resourceGroups/rg1/providers/Microsoft.Network/publicIPAddresses/control-public-ip-02",
                        "/subscriptions/82224ae2-fb9c-468d-86c1-ee15f41698c7/resourceGroups/rg1/providers/Microsoft.Network/publicIPAddresses/control-public-ip-03"
                    ]
                },
                "ip_addresses": {
                    "sensitive": false,
                    "type": "list",
                    "value": [
                        "13.76.241.160",
                        "13.76.241.179",
                        "13.76.241.157"
                    ]
                }
            },
            "resources": {
                "azurerm_public_ip.pi.0": {
                    "type": "azurerm_public_ip",
                    "depends_on": [],
                    "primary": {
                        "id": "/subscriptions/82224ae2-fb9c-468d-86c1-ee15f41698c7/resourceGroups/rg1/providers/Microsoft.Network/publicIPAddresses/control-public-ip-01",
                        "attributes": {
                            "id": "/subscriptions/82224ae2-fb9c-468d-86c1-ee15f41698c7/resourceGroups/rg1/providers/Microsoft.Network/publicIPAddresses/control-public-ip-01",
                            "idle_timeout_in_minutes": "4",
                            "ip_address": "13.76.241.160",
                            "ip_version": "IPv4",
                            "location": "southeastasia",
                            "name": "control-public-ip-01",
                            "public_ip_address_allocation": "Static",
                            "resource_group_name": "rg1",
                            "sku": "Basic",
                            "tags.%": "0",
                            "zones.#": "0"
                        },
                        "meta": {},
                        "tainted": false
                    },
                    "deposed": [],
                    "provider": "provider.azurerm"
                },
                "azurerm_public_ip.pi.1": {
                    "type": "azurerm_public_ip",
                    "depends_on": [],
                    "primary": {
                        "id": "/subscriptions/82224ae2-fb9c-468d-86c1-ee15f41698c7/resourceGroups/rg1/providers/Microsoft.Network/publicIPAddresses/control-public-ip-02",
                        "attributes": {
                            "id": "/subscriptions/82224ae2-fb9c-468d-86c1-ee15f41698c7/resourceGroups/rg1/providers/Microsoft.Network/publicIPAddresses/control-public-ip-02",
                            "idle_timeout_in_minutes": "4",
                            "ip_address": "13.76.241.179",
                            "ip_version": "IPv4",
                            "location": "southeastasia",
                            "name": "control-public-ip-02",
                            "public_ip_address_allocation": "Static",
                            "resource_group_name": "rg1",
                            "sku": "Basic",
                            "tags.%": "0",
                            "zones.#": "0"
                        },
                        "meta": {},
                        "tainted": false
                    },
                    "deposed": [],
                    "provider": "provider.azurerm"
                },
                "azurerm_public_ip.pi.2": {
                    "type": "azurerm_public_ip",
                    "depends_on": [],
                    "primary": {
                        "id": "/subscriptions/82224ae2-fb9c-468d-86c1-ee15f41698c7/resourceGroups/rg1/providers/Microsoft.Network/publicIPAddresses/control-public-ip-03",
                        "attributes": {
                            "id": "/subscriptions/82224ae2-fb9c-468d-86c1-ee15f41698c7/resourceGroups/rg1/providers/Microsoft.Network/publicIPAddresses/control-public-ip-03",
                            "idle_timeout_in_minutes": "4",
                            "ip_address": "13.76.241.157",
                            "ip_version": "IPv4",
                            "location": "southeastasia",
                            "name": "control-public-ip-03",
                            "public_ip_address_allocation": "Static",
                            "resource_group_name": "rg1",
                            "sku": "Basic",
                            "tags.%": "0",
                            "zones.#": "0"
                        },
                        "meta": {},
                        "tainted": false
                    },
                    "deposed": [],
                    "provider": "provider.azurerm"
                }
            },
            "depends_on": []
        },
        {
            "path": [
                "root",
                "resource_group"
            ],
            "outputs": {
                "id": {
                    "sensitive": false,
                    "type": "string",
                    "value": "/subscriptions/82224ae2-fb9c-468d-86c1-ee15f41698c7/resourceGroups/rg1"
                },
                "name": {
                    "sensitive": false,
                    "type": "string",
                    "value": "rg1"
                }
            },
            "resources": {
                "azurerm_resource_group.rg": {
                    "type": "azurerm_resource_group",
                    "depends_on": [],
                    "primary": {
                        "id": "/subscriptions/82224ae2-fb9c-468d-86c1-ee15f41698c7/resourceGroups/rg1",
                        "attributes": {
                            "id": "/subscriptions/82224ae2-fb9c-468d-86c1-ee15f41698c7/resourceGroups/rg1",
                            "location": "southeastasia",
                            "name": "rg1",
                            "tags.%": "0"
                        },
                        "meta": {},
                        "tainted": false
                    },
                    "deposed": [],
                    "provider": "module.resource_group.provider.azurerm"
                }
            },
            "depends_on": []
        },
        {
            "path": [
                "root",
                "storage_account"
            ],
            "outputs": {
                "name": {
                    "sensitive": false,
                    "type": "string",
                    "value": "rg1osdisks"
                },
                "primary_blob_endpoint": {
                    "sensitive": false,
                    "type": "string",
                    "value": "https://rg1osdisks.blob.core.windows.net/"
                }
            },
            "resources": {
                "azurerm_storage_account.sa": {
                    "type": "azurerm_storage_account",
                    "depends_on": [],
                    "primary": {
                        "id": "/subscriptions/82224ae2-fb9c-468d-86c1-ee15f41698c7/resourceGroups/rg1/providers/Microsoft.Storage/storageAccounts/rg1osdisks",
                        "attributes": {
                            "access_tier": "",
                            "account_encryption_source": "Microsoft.Storage",
                            "account_kind": "Storage",
                            "account_replication_type": "LRS",
                            "account_tier": "Standard",
                            "account_type": "Standard_LRS",
                            "enable_blob_encryption": "true",
                            "enable_file_encryption": "true",
                            "enable_https_traffic_only": "false",
                            "id": "/subscriptions/82224ae2-fb9c-468d-86c1-ee15f41698c7/resourceGroups/rg1/providers/Microsoft.Storage/storageAccounts/rg1osdisks",
                            "identity.#": "0",
                            "location": "southeastasia",
                            "name": "rg1osdisks",
                            "network_rules.#": "0",
                            "primary_access_key": "4XLzPsWzTLkJjyCaGyDIYN2N93ZHJqAu4u/zz00naT+hvmTUgB02ef0AWPXTUdJdsETxSWIKQOCO6COoMNKDog==",
                            "primary_blob_connection_string": "DefaultEndpointsProtocol=https;BlobEndpoint=https://rg1osdisks.blob.core.windows.net/;AccountName=rg1osdisks;AccountKey=4XLzPsWzTLkJjyCaGyDIYN2N93ZHJqAu4u/zz00naT+hvmTUgB02ef0AWPXTUdJdsETxSWIKQOCO6COoMNKDog==",
                            "primary_blob_endpoint": "https://rg1osdisks.blob.core.windows.net/",
                            "primary_connection_string": "DefaultEndpointsProtocol=https;AccountName=rg1osdisks;AccountKey=4XLzPsWzTLkJjyCaGyDIYN2N93ZHJqAu4u/zz00naT+hvmTUgB02ef0AWPXTUdJdsETxSWIKQOCO6COoMNKDog==;EndpointSuffix=core.windows.net",
                            "primary_file_endpoint": "https://rg1osdisks.file.core.windows.net/",
                            "primary_location": "southeastasia",
                            "primary_queue_endpoint": "https://rg1osdisks.queue.core.windows.net/",
                            "primary_table_endpoint": "https://rg1osdisks.table.core.windows.net/",
                            "resource_group_name": "rg1",
                            "secondary_access_key": "1Bi7I0Ofu1rxg7xT3msxy1UyTRVbUCBqmJMZ37GYrjGGxDX5J3l65eO8wJZKc0FpSD7MAOjpZUBsGQkjTyb2gQ==",
                            "secondary_connection_string": "DefaultEndpointsProtocol=https;AccountName=rg1osdisks;AccountKey=1Bi7I0Ofu1rxg7xT3msxy1UyTRVbUCBqmJMZ37GYrjGGxDX5J3l65eO8wJZKc0FpSD7MAOjpZUBsGQkjTyb2gQ==;EndpointSuffix=core.windows.net",
                            "secondary_location": "",
                            "tags.%": "0"
                        },
                        "meta": {
                            "schema_version": "2"
                        },
                        "tainted": false
                    },
                    "deposed": [],
                    "provider": "provider.azurerm"
                }
            },
            "depends_on": []
        },
        {
            "path": [
                "root",
                "subnet"
            ],
            "outputs": {
                "ids": {
                    "sensitive": false,
                    "type": "list",
                    "value": [
                        "/subscriptions/82224ae2-fb9c-468d-86c1-ee15f41698c7/resourceGroups/rg1/providers/Microsoft.Network/virtualNetworks/rg1-network/subnets/rg1-subnet-0",
                        "/subscriptions/82224ae2-fb9c-468d-86c1-ee15f41698c7/resourceGroups/rg1/providers/Microsoft.Network/virtualNetworks/rg1-network/subnets/rg1-subnet-1",
                        "/subscriptions/82224ae2-fb9c-468d-86c1-ee15f41698c7/resourceGroups/rg1/providers/Microsoft.Network/virtualNetworks/rg1-network/subnets/rg1-subnet-2"
                    ]
                }
            },
            "resources": {
                "azurerm_subnet.sb.0": {
                    "type": "azurerm_subnet",
                    "depends_on": [],
                    "primary": {
                        "id": "/subscriptions/82224ae2-fb9c-468d-86c1-ee15f41698c7/resourceGroups/rg1/providers/Microsoft.Network/virtualNetworks/rg1-network/subnets/rg1-subnet-0",
                        "attributes": {
                            "address_prefix": "10.0.1.0/24",
                            "id": "/subscriptions/82224ae2-fb9c-468d-86c1-ee15f41698c7/resourceGroups/rg1/providers/Microsoft.Network/virtualNetworks/rg1-network/subnets/rg1-subnet-0",
                            "ip_configurations.#": "1",
                            "ip_configurations.2142456515": "/subscriptions/82224ae2-fb9c-468d-86c1-ee15f41698c7/resourceGroups/rg1/providers/Microsoft.Network/networkInterfaces/control-ni-01/ipConfigurations/control-ni-01",
                            "name": "rg1-subnet-0",
                            "resource_group_name": "rg1",
                            "route_table_id": "",
                            "service_endpoints.#": "0",
                            "virtual_network_name": "rg1-network"
                        },
                        "meta": {},
                        "tainted": false
                    },
                    "deposed": [],
                    "provider": "provider.azurerm"
                },
                "azurerm_subnet.sb.1": {
                    "type": "azurerm_subnet",
                    "depends_on": [],
                    "primary": {
                        "id": "/subscriptions/82224ae2-fb9c-468d-86c1-ee15f41698c7/resourceGroups/rg1/providers/Microsoft.Network/virtualNetworks/rg1-network/subnets/rg1-subnet-1",
                        "attributes": {
                            "address_prefix": "10.0.2.0/24",
                            "id": "/subscriptions/82224ae2-fb9c-468d-86c1-ee15f41698c7/resourceGroups/rg1/providers/Microsoft.Network/virtualNetworks/rg1-network/subnets/rg1-subnet-1",
                            "ip_configurations.#": "1",
                            "ip_configurations.799347654": "/subscriptions/82224ae2-fb9c-468d-86c1-ee15f41698c7/resourceGroups/rg1/providers/Microsoft.Network/networkInterfaces/control-ni-02/ipConfigurations/control-ni-02",
                            "name": "rg1-subnet-1",
                            "resource_group_name": "rg1",
                            "route_table_id": "",
                            "service_endpoints.#": "0",
                            "virtual_network_name": "rg1-network"
                        },
                        "meta": {},
                        "tainted": false
                    },
                    "deposed": [],
                    "provider": "provider.azurerm"
                },
                "azurerm_subnet.sb.2": {
                    "type": "azurerm_subnet",
                    "depends_on": [],
                    "primary": {
                        "id": "/subscriptions/82224ae2-fb9c-468d-86c1-ee15f41698c7/resourceGroups/rg1/providers/Microsoft.Network/virtualNetworks/rg1-network/subnets/rg1-subnet-2",
                        "attributes": {
                            "address_prefix": "10.0.3.0/24",
                            "id": "/subscriptions/82224ae2-fb9c-468d-86c1-ee15f41698c7/resourceGroups/rg1/providers/Microsoft.Network/virtualNetworks/rg1-network/subnets/rg1-subnet-2",
                            "ip_configurations.#": "1",
                            "ip_configurations.2843223802": "/subscriptions/82224ae2-fb9c-468d-86c1-ee15f41698c7/resourceGroups/rg1/providers/Microsoft.Network/networkInterfaces/control-ni-03/ipConfigurations/control-ni-03",
                            "name": "rg1-subnet-2",
                            "resource_group_name": "rg1",
                            "route_table_id": "",
                            "service_endpoints.#": "0",
                            "virtual_network_name": "rg1-network"
                        },
                        "meta": {},
                        "tainted": false
                    },
                    "deposed": [],
                    "provider": "provider.azurerm"
                }
            },
            "depends_on": []
        },
        {
            "path": [
                "root",
                "virtual_network"
            ],
            "outputs": {
                "id": {
                    "sensitive": false,
                    "type": "string",
                    "value": "/subscriptions/82224ae2-fb9c-468d-86c1-ee15f41698c7/resourceGroups/rg1/providers/Microsoft.Network/virtualNetworks/rg1-network"
                },
                "name": {
                    "sensitive": false,
                    "type": "string",
                    "value": "rg1-network"
                }
            },
            "resources": {
                "azurerm_virtual_network.vn": {
                    "type": "azurerm_virtual_network",
                    "depends_on": [],
                    "primary": {
                        "id": "/subscriptions/82224ae2-fb9c-468d-86c1-ee15f41698c7/resourceGroups/rg1/providers/Microsoft.Network/virtualNetworks/rg1-network",
                        "attributes": {
                            "address_space.#": "1",
                            "address_space.0": "10.0.0.0/16",
                            "dns_servers.#": "0",
                            "id": "/subscriptions/82224ae2-fb9c-468d-86c1-ee15f41698c7/resourceGroups/rg1/providers/Microsoft.Network/virtualNetworks/rg1-network",
                            "location": "southeastasia",
                            "name": "rg1-network",
                            "resource_group_name": "rg1",
                            "subnet.#": "3",
                            "subnet.156942608.address_prefix": "10.0.2.0/24",
                            "subnet.156942608.id": "/subscriptions/82224ae2-fb9c-468d-86c1-ee15f41698c7/resourceGroups/rg1/providers/Microsoft.Network/virtualNetworks/rg1-network/subnets/rg1-subnet-1",
                            "subnet.156942608.name": "rg1-subnet-1",
                            "subnet.156942608.security_group": "",
                            "subnet.3046686789.address_prefix": "10.0.3.0/24",
                            "subnet.3046686789.id": "/subscriptions/82224ae2-fb9c-468d-86c1-ee15f41698c7/resourceGroups/rg1/providers/Microsoft.Network/virtualNetworks/rg1-network/subnets/rg1-subnet-2",
                            "subnet.3046686789.name": "rg1-subnet-2",
                            "subnet.3046686789.security_group": "",
                            "subnet.342622161.address_prefix": "10.0.1.0/24",
                            "subnet.342622161.id": "/subscriptions/82224ae2-fb9c-468d-86c1-ee15f41698c7/resourceGroups/rg1/providers/Microsoft.Network/virtualNetworks/rg1-network/subnets/rg1-subnet-0",
                            "subnet.342622161.name": "rg1-subnet-0",
                            "subnet.342622161.security_group": "",
                            "tags.%": "0"
                        },
                        "meta": {},
                        "tainted": false
                    },
                    "deposed": [],
                    "provider": "provider.azurerm"
                }
            },
            "depends_on": []
        },
        {
            "path": [
                "root",
                "vms_control"
            ],
            "outputs": {},
            "resources": {
                "azurerm_network_interface.ni.0": {
                    "type": "azurerm_network_interface",
                    "depends_on": [],
                    "primary": {
                        "id": "/subscriptions/82224ae2-fb9c-468d-86c1-ee15f41698c7/resourceGroups/rg1/providers/Microsoft.Network/networkInterfaces/control-ni-01",
                        "attributes": {
                            "applied_dns_servers.#": "0",
                            "dns_servers.#": "0",
                            "enable_accelerated_networking": "false",
                            "enable_ip_forwarding": "false",
                            "id": "/subscriptions/82224ae2-fb9c-468d-86c1-ee15f41698c7/resourceGroups/rg1/providers/Microsoft.Network/networkInterfaces/control-ni-01",
                            "internal_dns_name_label": "",
                            "internal_fqdn": "",
                            "ip_configuration.#": "1",
                            "ip_configuration.0.application_gateway_backend_address_pools_ids.#": "0",
                            "ip_configuration.0.application_security_group_ids.#": "0",
                            "ip_configuration.0.load_balancer_backend_address_pools_ids.#": "0",
                            "ip_configuration.0.load_balancer_inbound_nat_rules_ids.#": "0",
                            "ip_configuration.0.name": "control-ni-01",
                            "ip_configuration.0.primary": "true",
                            "ip_configuration.0.private_ip_address": "",
                            "ip_configuration.0.private_ip_address_allocation": "dynamic",
                            "ip_configuration.0.public_ip_address_id": "/subscriptions/82224ae2-fb9c-468d-86c1-ee15f41698c7/resourceGroups/rg1/providers/Microsoft.Network/publicIPAddresses/control-public-ip-01",
                            "ip_configuration.0.subnet_id": "/subscriptions/82224ae2-fb9c-468d-86c1-ee15f41698c7/resourceGroups/rg1/providers/Microsoft.Network/virtualNetworks/rg1-network/subnets/rg1-subnet-0",
                            "location": "southeastasia",
                            "mac_address": "00-0D-3A-A0-B5-61",
                            "name": "control-ni-01",
                            "network_security_group_id": "",
                            "private_ip_address": "10.0.1.4",
                            "private_ip_addresses.#": "1",
                            "private_ip_addresses.0": "10.0.1.4",
                            "resource_group_name": "rg1",
                            "tags.%": "0",
                            "virtual_machine_id": "/subscriptions/82224ae2-fb9c-468d-86c1-ee15f41698c7/resourceGroups/rg1/providers/Microsoft.Compute/virtualMachines/control-01"
                        },
                        "meta": {},
                        "tainted": false
                    },
                    "deposed": [],
                    "provider": "provider.azurerm"
                },
                "azurerm_network_interface.ni.1": {
                    "type": "azurerm_network_interface",
                    "depends_on": [],
                    "primary": {
                        "id": "/subscriptions/82224ae2-fb9c-468d-86c1-ee15f41698c7/resourceGroups/rg1/providers/Microsoft.Network/networkInterfaces/control-ni-02",
                        "attributes": {
                            "applied_dns_servers.#": "0",
                            "dns_servers.#": "0",
                            "enable_accelerated_networking": "false",
                            "enable_ip_forwarding": "false",
                            "id": "/subscriptions/82224ae2-fb9c-468d-86c1-ee15f41698c7/resourceGroups/rg1/providers/Microsoft.Network/networkInterfaces/control-ni-02",
                            "internal_dns_name_label": "",
                            "internal_fqdn": "",
                            "ip_configuration.#": "1",
                            "ip_configuration.0.application_gateway_backend_address_pools_ids.#": "0",
                            "ip_configuration.0.application_security_group_ids.#": "0",
                            "ip_configuration.0.load_balancer_backend_address_pools_ids.#": "0",
                            "ip_configuration.0.load_balancer_inbound_nat_rules_ids.#": "0",
                            "ip_configuration.0.name": "control-ni-02",
                            "ip_configuration.0.primary": "true",
                            "ip_configuration.0.private_ip_address": "",
                            "ip_configuration.0.private_ip_address_allocation": "dynamic",
                            "ip_configuration.0.public_ip_address_id": "/subscriptions/82224ae2-fb9c-468d-86c1-ee15f41698c7/resourceGroups/rg1/providers/Microsoft.Network/publicIPAddresses/control-public-ip-02",
                            "ip_configuration.0.subnet_id": "/subscriptions/82224ae2-fb9c-468d-86c1-ee15f41698c7/resourceGroups/rg1/providers/Microsoft.Network/virtualNetworks/rg1-network/subnets/rg1-subnet-1",
                            "location": "southeastasia",
                            "mac_address": "",
                            "name": "control-ni-02",
                            "network_security_group_id": "",
                            "private_ip_address": "10.0.2.4",
                            "private_ip_addresses.#": "1",
                            "private_ip_addresses.0": "10.0.2.4",
                            "resource_group_name": "rg1",
                            "tags.%": "0"
                        },
                        "meta": {},
                        "tainted": false
                    },
                    "deposed": [],
                    "provider": "provider.azurerm"
                },
                "azurerm_network_interface.ni.2": {
                    "type": "azurerm_network_interface",
                    "depends_on": [],
                    "primary": {
                        "id": "/subscriptions/82224ae2-fb9c-468d-86c1-ee15f41698c7/resourceGroups/rg1/providers/Microsoft.Network/networkInterfaces/control-ni-03",
                        "attributes": {
                            "applied_dns_servers.#": "0",
                            "dns_servers.#": "0",
                            "enable_accelerated_networking": "false",
                            "enable_ip_forwarding": "false",
                            "id": "/subscriptions/82224ae2-fb9c-468d-86c1-ee15f41698c7/resourceGroups/rg1/providers/Microsoft.Network/networkInterfaces/control-ni-03",
                            "internal_dns_name_label": "",
                            "internal_fqdn": "",
                            "ip_configuration.#": "1",
                            "ip_configuration.0.application_gateway_backend_address_pools_ids.#": "0",
                            "ip_configuration.0.application_security_group_ids.#": "0",
                            "ip_configuration.0.load_balancer_backend_address_pools_ids.#": "0",
                            "ip_configuration.0.load_balancer_inbound_nat_rules_ids.#": "0",
                            "ip_configuration.0.name": "control-ni-03",
                            "ip_configuration.0.primary": "true",
                            "ip_configuration.0.private_ip_address": "",
                            "ip_configuration.0.private_ip_address_allocation": "dynamic",
                            "ip_configuration.0.public_ip_address_id": "/subscriptions/82224ae2-fb9c-468d-86c1-ee15f41698c7/resourceGroups/rg1/providers/Microsoft.Network/publicIPAddresses/control-public-ip-03",
                            "ip_configuration.0.subnet_id": "/subscriptions/82224ae2-fb9c-468d-86c1-ee15f41698c7/resourceGroups/rg1/providers/Microsoft.Network/virtualNetworks/rg1-network/subnets/rg1-subnet-2",
                            "location": "southeastasia",
                            "mac_address": "00-0D-3A-A0-AB-DD",
                            "name": "control-ni-03",
                            "network_security_group_id": "",
                            "private_ip_address": "10.0.3.4",
                            "private_ip_addresses.#": "1",
                            "private_ip_addresses.0": "10.0.3.4",
                            "resource_group_name": "rg1",
                            "tags.%": "0",
                            "virtual_machine_id": "/subscriptions/82224ae2-fb9c-468d-86c1-ee15f41698c7/resourceGroups/rg1/providers/Microsoft.Compute/virtualMachines/control-03"
                        },
                        "meta": {},
                        "tainted": false
                    },
                    "deposed": [],
                    "provider": "provider.azurerm"
                },
                "azurerm_storage_container.osdisk.0": {
                    "type": "azurerm_storage_container",
                    "depends_on": [],
                    "primary": {
                        "id": "https://rg1osdisks.blob.core.windows.net/controlosdisk01",
                        "attributes": {
                            "container_access_type": "private",
                            "id": "https://rg1osdisks.blob.core.windows.net/controlosdisk01",
                            "name": "controlosdisk01",
                            "properties.%": "4",
                            "properties.last_modified": "Tue, 05 Mar 2019 06:43:57 GMT",
                            "properties.lease_duration": "infinite",
                            "properties.lease_state": "leased",
                            "properties.lease_status": "locked",
                            "resource_group_name": "rg1",
                            "storage_account_name": "rg1osdisks"
                        },
                        "meta": {
                            "schema_version": "1"
                        },
                        "tainted": false
                    },
                    "deposed": [],
                    "provider": "provider.azurerm"
                },
                "azurerm_storage_container.osdisk.1": {
                    "type": "azurerm_storage_container",
                    "depends_on": [],
                    "primary": {
                        "id": "https://rg1osdisks.blob.core.windows.net/controlosdisk02",
                        "attributes": {
                            "container_access_type": "private",
                            "id": "https://rg1osdisks.blob.core.windows.net/controlosdisk02",
                            "name": "controlosdisk02",
                            "properties.%": "4",
                            "properties.last_modified": "Tue, 05 Mar 2019 06:43:57 GMT",
                            "properties.lease_duration": "",
                            "properties.lease_state": "available",
                            "properties.lease_status": "unlocked",
                            "resource_group_name": "rg1",
                            "storage_account_name": "rg1osdisks"
                        },
                        "meta": {
                            "schema_version": "1"
                        },
                        "tainted": false
                    },
                    "deposed": [],
                    "provider": "provider.azurerm"
                },
                "azurerm_storage_container.osdisk.2": {
                    "type": "azurerm_storage_container",
                    "depends_on": [],
                    "primary": {
                        "id": "https://rg1osdisks.blob.core.windows.net/controlosdisk03",
                        "attributes": {
                            "container_access_type": "private",
                            "id": "https://rg1osdisks.blob.core.windows.net/controlosdisk03",
                            "name": "controlosdisk03",
                            "properties.%": "4",
                            "properties.last_modified": "Tue, 05 Mar 2019 06:43:57 GMT",
                            "properties.lease_duration": "infinite",
                            "properties.lease_state": "leased",
                            "properties.lease_status": "locked",
                            "resource_group_name": "rg1",
                            "storage_account_name": "rg1osdisks"
                        },
                        "meta": {
                            "schema_version": "1"
                        },
                        "tainted": false
                    },
                    "deposed": [],
                    "provider": "provider.azurerm"
                },
                "azurerm_virtual_machine.vm.0": {
                    "type": "azurerm_virtual_machine",
                    "depends_on": [
                        "azurerm_network_interface.ni.*",
                        "azurerm_storage_container.osdisk.*"
                    ],
                    "primary": {
                        "id": "/subscriptions/82224ae2-fb9c-468d-86c1-ee15f41698c7/resourceGroups/rg1/providers/Microsoft.Compute/virtualMachines/control-01",
                        "attributes": {
                            "delete_data_disks_on_termination": "false",
                            "delete_os_disk_on_termination": "false",
                            "id": "/subscriptions/82224ae2-fb9c-468d-86c1-ee15f41698c7/resourceGroups/rg1/providers/Microsoft.Compute/virtualMachines/control-01",
                            "identity.#": "0",
                            "location": "southeastasia",
                            "name": "control-01",
                            "network_interface_ids.#": "1",
                            "network_interface_ids.0": "/subscriptions/82224ae2-fb9c-468d-86c1-ee15f41698c7/resourceGroups/rg1/providers/Microsoft.Network/networkInterfaces/control-ni-01",
                            "os_profile.#": "1",
                            "os_profile.748675037.admin_password": "",
                            "os_profile.748675037.admin_username": "tadmin",
                            "os_profile.748675037.computer_name": "control-01",
                            "os_profile.748675037.custom_data": "",
                            "os_profile_linux_config.#": "1",
                            "os_profile_linux_config.2972667452.disable_password_authentication": "false",
                            "os_profile_linux_config.2972667452.ssh_keys.#": "0",
                            "os_profile_secrets.#": "0",
                            "os_profile_windows_config.#": "0",
                            "plan.#": "0",
                            "resource_group_name": "rg1",
                            "storage_data_disk.#": "0",
                            "storage_image_reference.#": "1",
                            "storage_image_reference.363552096.id": "",
                            "storage_image_reference.363552096.offer": "UbuntuServer",
                            "storage_image_reference.363552096.publisher": "Canonical",
                            "storage_image_reference.363552096.sku": "16.04.0-LTS",
                            "storage_image_reference.363552096.version": "latest",
                            "storage_os_disk.#": "1",
                            "storage_os_disk.0.caching": "ReadWrite",
                            "storage_os_disk.0.create_option": "FromImage",
                            "storage_os_disk.0.disk_size_gb": "30",
                            "storage_os_disk.0.image_uri": "",
                            "storage_os_disk.0.managed_disk_id": "",
                            "storage_os_disk.0.managed_disk_type": "",
                            "storage_os_disk.0.name": "control-osdisk-01",
                            "storage_os_disk.0.os_type": "Linux",
                            "storage_os_disk.0.vhd_uri": "https://rg1osdisks.blob.core.windows.net/controlosdisk01/osdisk.vhd",
                            "storage_os_disk.0.write_accelerator_enabled": "false",
                            "tags.%": "4",
                            "tags.Name": "control-01",
                            "tags.dc": "azure",
                            "tags.role": "role=control",
                            "tags.sshUser": "tadmin",
                            "vm_size": "Standard_B2s",
                            "zones.#": "0"
                        },
                        "meta": {},
                        "tainted": false
                    },
                    "deposed": [],
                    "provider": "provider.azurerm"
                },
                "azurerm_virtual_machine.vm.2": {
                    "type": "azurerm_virtual_machine",
                    "depends_on": [
                        "azurerm_network_interface.ni.*",
                        "azurerm_storage_container.osdisk.*"
                    ],
                    "primary": {
                        "id": "/subscriptions/82224ae2-fb9c-468d-86c1-ee15f41698c7/resourceGroups/rg1/providers/Microsoft.Compute/virtualMachines/control-03",
                        "attributes": {
                            "delete_data_disks_on_termination": "false",
                            "delete_os_disk_on_termination": "false",
                            "id": "/subscriptions/82224ae2-fb9c-468d-86c1-ee15f41698c7/resourceGroups/rg1/providers/Microsoft.Compute/virtualMachines/control-03",
                            "identity.#": "0",
                            "location": "southeastasia",
                            "name": "control-03",
                            "network_interface_ids.#": "1",
                            "network_interface_ids.0": "/subscriptions/82224ae2-fb9c-468d-86c1-ee15f41698c7/resourceGroups/rg1/providers/Microsoft.Network/networkInterfaces/control-ni-03",
                            "os_profile.#": "1",
                            "os_profile.514440543.admin_password": "",
                            "os_profile.514440543.admin_username": "tadmin",
                            "os_profile.514440543.computer_name": "control-03",
                            "os_profile.514440543.custom_data": "",
                            "os_profile_linux_config.#": "1",
                            "os_profile_linux_config.2972667452.disable_password_authentication": "false",
                            "os_profile_linux_config.2972667452.ssh_keys.#": "0",
                            "os_profile_secrets.#": "0",
                            "os_profile_windows_config.#": "0",
                            "plan.#": "0",
                            "resource_group_name": "rg1",
                            "storage_data_disk.#": "0",
                            "storage_image_reference.#": "1",
                            "storage_image_reference.363552096.id": "",
                            "storage_image_reference.363552096.offer": "UbuntuServer",
                            "storage_image_reference.363552096.publisher": "Canonical",
                            "storage_image_reference.363552096.sku": "16.04.0-LTS",
                            "storage_image_reference.363552096.version": "latest",
                            "storage_os_disk.#": "1",
                            "storage_os_disk.0.caching": "ReadWrite",
                            "storage_os_disk.0.create_option": "FromImage",
                            "storage_os_disk.0.disk_size_gb": "30",
                            "storage_os_disk.0.image_uri": "",
                            "storage_os_disk.0.managed_disk_id": "",
                            "storage_os_disk.0.managed_disk_type": "",
                            "storage_os_disk.0.name": "control-osdisk-03",
                            "storage_os_disk.0.os_type": "Linux",
                            "storage_os_disk.0.vhd_uri": "https://rg1osdisks.blob.core.windows.net/controlosdisk03/osdisk.vhd",
                            "storage_os_disk.0.write_accelerator_enabled": "false",
                            "tags.%": "4",
                            "tags.Name": "control-03",
                            "tags.dc": "azure",
                            "tags.role": "role=control",
                            "tags.sshUser": "tadmin",
                            "vm_size": "Standard_B2s",
                            "zones.#": "0"
                        },
                        "meta": {},
                        "tainted": false
                    },
                    "deposed": [],
                    "provider": "provider.azurerm"
                }
            },
            "depends_on": []
        }
    ]
}
